# THIS IS AN AUTOGENERATED FILE. DO NOT EDIT THIS FILE DIRECTLY.
# yarn lockfile v1


"@vercel/ncc@^0.36.0":
  version "0.36.0"
  resolved "https://registry.yarnpkg.com/@vercel/ncc/-/ncc-0.36.0.tgz#1f262b86fc4f0770bbc0fc1d331d5aaa1bd47334"
  integrity sha512-/ZTUJ/ZkRt694k7KJNimgmHjtQcRuVwsST2Z6XfYveQIuBbHR+EqkTc1jfgPkQmMyk/vtpxo3nVxe8CNuau86A==
